
Microsoft Visual Studio Solution File, Format Version 12.00
# Visual Studio Version 17
VisualStudioVersion = 17.7.34202.233
MinimumVisualStudioVersion = 10.0.40219.1
Project("{FAE04EC0-301F-11D3-BF4B-00C04F79EFBC}") = "TechChallenge.Api", "TechChallenge.Api\src\TechChallenge.Api\TechChallenge.Api.csproj", "{92D4E5E7-4B2B-48A6-8F72-9E60AB3351F3}"
EndProject
Global
	GlobalSection(SolutionConfigurationPlatforms) = preSolution
		Debug|Any CPU = Debug|Any CPU
		Release|Any CPU = Release|Any CPU
	EndGlobalSection
	GlobalSection(ProjectConfigurationPlatforms) = postSolution
		{92D4E5E7-4B2B-48A6-8F72-9E60AB3351F3}.Debug|Any CPU.ActiveCfg = Debug|Any CPU
		{92D4E5E7-4B2B-48A6-8F72-9E60AB3351F3}.Debug|Any CPU.Build.0 = Debug|Any CPU
		{92D4E5E7-4B2B-48A6-8F72-9E60AB3351F3}.Release|Any CPU.ActiveCfg = Release|Any CPU
		{92D4E5E7-4B2B-48A6-8F72-9E60AB3351F3}.Release|Any CPU.Build.0 = Release|Any CPU
	EndGlobalSection
	GlobalSection(SolutionProperties) = preSolution
		HideSolutionNode = FALSE
	EndGlobalSection
	GlobalSection(ExtensibilityGlobals) = postSolution
		SolutionGuid = {59B3B534-1735-4DC4-9E4A-387975BA352E}
	EndGlobalSection
EndGlobal
